
Microsoft Visual Studio Solution File, Format Version 12.00
# Visual Studio Version 18
VisualStudioVersion = 18.3.11520.95 d18.3
MinimumVisualStudioVersion = 10.0.40219.1
Project("{8BC9CEB8-8B4A-11D0-8D11-00A0C91BC942}") = "Equalizer", "Equalizer\Equalizer.vcxproj", "{40B07A2B-E6EA-4957-A07D-2F2A09B70F32}"
EndProject
Project("{FAE04EC0-301F-11D3-BF4B-00C04F79EFBC}") = "GUI", "GUI\GUI.csproj", "{A1B2C3D4-E5F6-7890-ABCD-EF1234567890}"
EndProject
Global
	GlobalSection(SolutionConfigurationPlatforms) = preSolution
		Debug|x64 = Debug|x64
		Debug|x86 = Debug|x86
		Release|x64 = Release|x64
		Release|x86 = Release|x86
	EndGlobalSection
	GlobalSection(ProjectConfigurationPlatforms) = postSolution
		{40B07A2B-E6EA-4957-A07D-2F2A09B70F32}.Debug|x64.ActiveCfg = Debug|x64
		{40B07A2B-E6EA-4957-A07D-2F2A09B70F32}.Debug|x64.Build.0 = Debug|x64
		{40B07A2B-E6EA-4957-A07D-2F2A09B70F32}.Debug|x86.ActiveCfg = Debug|Win32
		{40B07A2B-E6EA-4957-A07D-2F2A09B70F32}.Debug|x86.Build.0 = Debug|Win32
		{40B07A2B-E6EA-4957-A07D-2F2A09B70F32}.Release|x64.ActiveCfg = Release|x64
		{40B07A2B-E6EA-4957-A07D-2F2A09B70F32}.Release|x64.Build.0 = Release|x64
		{40B07A2B-E6EA-4957-A07D-2F2A09B70F32}.Release|x86.ActiveCfg = Release|Win32
		{40B07A2B-E6EA-4957-A07D-2F2A09B70F32}.Release|x86.Build.0 = Release|Win32
		{A1B2C3D4-E5F6-7890-ABCD-EF1234567890}.Debug|x64.ActiveCfg = Debug|AnyCPU
		{A1B2C3D4-E5F6-7890-ABCD-EF1234567890}.Debug|x64.Build.0 = Debug|AnyCPU
		{A1B2C3D4-E5F6-7890-ABCD-EF1234567890}.Debug|x86.ActiveCfg = Debug|Any CPU
		{A1B2C3D4-E5F6-7890-ABCD-EF1234567890}.Debug|x86.Build.0 = Debug|Any CPU
		{A1B2C3D4-E5F6-7890-ABCD-EF1234567890}.Release|x64.ActiveCfg = Release|AnyCPU
		{A1B2C3D4-E5F6-7890-ABCD-EF1234567890}.Release|x64.Build.0 = Release|AnyCPU
		{A1B2C3D4-E5F6-7890-ABCD-EF1234567890}.Release|x86.ActiveCfg = Release|Any CPU
		{A1B2C3D4-E5F6-7890-ABCD-EF1234567890}.Release|x86.Build.0 = Release|Any CPU
	EndGlobalSection
	GlobalSection(SolutionProperties) = preSolution
		HideSolutionNode = FALSE
	EndGlobalSection
	GlobalSection(ExtensibilityGlobals) = postSolution
		SolutionGuid = {ED8EE537-1F99-4336-9175-B7F82DA7C6FC}
	EndGlobalSection
EndGlobal
